{
    "name": "apps",
    "lockfileVersion": 3,
    "requires": true,
    "packages": {
        "": {
            "dependencies": {
                "md5": "^2.3.0"
            },
            "devDependencies": {
                "@types/md5": "^2.3.5",
                "@types/node": "^20.14.12"
            }
        },
        "node_modules/@types/md5": {
            "version": "2.3.5",
            "dev": true,
            "license": "MIT"
        },
        "node_modules/@types/node": {
            "version": "20.14.12",
            "dev": true,
            "license": "MIT",
            "dependencies": {
                "undici-types": "~5.26.4"
            }
        },
        "node_modules/charenc": {
            "version": "0.0.2",
            "license": "BSD-3-Clause",
            "engines": {
                "node": "*"
            }
        },
        "node_modules/crypt": {
            "version": "0.0.2",
            "license": "BSD-3-Clause",
            "engines": {
                "node": "*"
            }
        },
        "node_modules/is-buffer": {
            "version": "1.1.6",
            "license": "MIT"
        },
        "node_modules/md5": {
            "version": "2.3.0",
            "license": "BSD-3-Clause",
            "dependencies": {
                "charenc": "0.0.2",
                "crypt": "0.0.2",
                "is-buffer": "~1.1.6"
            }
        },
        "node_modules/undici-types": {
            "version": "5.26.5",
            "dev": true,
            "license": "MIT"
        }
    }
}
